
Microsoft Visual Studio Solution File, Format Version 12.00
# Visual Studio 15
VisualStudioVersion = 15.0.28010.2003
MinimumVisualStudioVersion = 10.0.40219.1
Project("{FAE04EC0-301F-11D3-BF4B-00C04F79EFBC}") = "LinqEx3And4", "LinqEx3And4\LinqEx3And4.csproj", "{98713663-DADC-4577-AF5A-E081791D5791}"
EndProject
Global
	GlobalSection(SolutionConfigurationPlatforms) = preSolution
		Debug|Any CPU = Debug|Any CPU
		Release|Any CPU = Release|Any CPU
	EndGlobalSection
	GlobalSection(ProjectConfigurationPlatforms) = postSolution
		{98713663-DADC-4577-AF5A-E081791D5791}.Debug|Any CPU.ActiveCfg = Debug|Any CPU
		{98713663-DADC-4577-AF5A-E081791D5791}.Debug|Any CPU.Build.0 = Debug|Any CPU
		{98713663-DADC-4577-AF5A-E081791D5791}.Release|Any CPU.ActiveCfg = Release|Any CPU
		{98713663-DADC-4577-AF5A-E081791D5791}.Release|Any CPU.Build.0 = Release|Any CPU
	EndGlobalSection
	GlobalSection(SolutionProperties) = preSolution
		HideSolutionNode = FALSE
	EndGlobalSection
	GlobalSection(ExtensibilityGlobals) = postSolution
		SolutionGuid = {FED83042-0BE5-41FD-831A-461E3AB32B69}
	EndGlobalSection
EndGlobal
